
Microsoft Visual Studio Solution File, Format Version 12.00
# Visual Studio 14
VisualStudioVersion = 14.0.25420.1
MinimumVisualStudioVersion = 10.0.40219.1
Project("{FAE04EC0-301F-11D3-BF4B-00C04F79EFBC}") = "WebApplication2", "WebApplication2\WebApplication2.csproj", "{B209A698-6EEA-492D-BF1C-83520FFE1207}"
EndProject
Project("{FAE04EC0-301F-11D3-BF4B-00C04F79EFBC}") = "UnitTestProject1", "UnitTestProject1\UnitTestProject1.csproj", "{3A305F72-1BF0-4624-9CA0-58AB9DDA7281}"
EndProject
Project("{FAE04EC0-301F-11D3-BF4B-00C04F79EFBC}") = "ModAdministrative", "ModAdministrative\ModAdministrative.csproj", "{74A4D3C9-4FAB-4664-AE22-335351AAD188}"
EndProject
Global
	GlobalSection(SolutionConfigurationPlatforms) = preSolution
		Debug|Any CPU = Debug|Any CPU
		Release|Any CPU = Release|Any CPU
	EndGlobalSection
	GlobalSection(ProjectConfigurationPlatforms) = postSolution
		{B209A698-6EEA-492D-BF1C-83520FFE1207}.Debug|Any CPU.ActiveCfg = Debug|Any CPU
		{B209A698-6EEA-492D-BF1C-83520FFE1207}.Debug|Any CPU.Build.0 = Debug|Any CPU
		{B209A698-6EEA-492D-BF1C-83520FFE1207}.Release|Any CPU.ActiveCfg = Release|Any CPU
		{B209A698-6EEA-492D-BF1C-83520FFE1207}.Release|Any CPU.Build.0 = Release|Any CPU
		{3A305F72-1BF0-4624-9CA0-58AB9DDA7281}.Debug|Any CPU.ActiveCfg = Debug|Any CPU
		{3A305F72-1BF0-4624-9CA0-58AB9DDA7281}.Debug|Any CPU.Build.0 = Debug|Any CPU
		{3A305F72-1BF0-4624-9CA0-58AB9DDA7281}.Release|Any CPU.ActiveCfg = Release|Any CPU
		{3A305F72-1BF0-4624-9CA0-58AB9DDA7281}.Release|Any CPU.Build.0 = Release|Any CPU
		{74A4D3C9-4FAB-4664-AE22-335351AAD188}.Debug|Any CPU.ActiveCfg = Debug|Any CPU
		{74A4D3C9-4FAB-4664-AE22-335351AAD188}.Debug|Any CPU.Build.0 = Debug|Any CPU
		{74A4D3C9-4FAB-4664-AE22-335351AAD188}.Release|Any CPU.ActiveCfg = Release|Any CPU
		{74A4D3C9-4FAB-4664-AE22-335351AAD188}.Release|Any CPU.Build.0 = Release|Any CPU
	EndGlobalSection
	GlobalSection(SolutionProperties) = preSolution
		HideSolutionNode = FALSE
	EndGlobalSection
EndGlobal
